# This file was autogenerated by Stack.
# You should not edit this file by hand.
# For more information, please see the documentation at:
#   https://docs.haskellstack.org/en/stable/lock_files

packages:
- completed:
    hackage: ghc-lib-parser-9.2.2.20220307@sha256:384755a514a42fe1615862ff6ef5c995a9ed71904360b4b212f9526f80fb214c,12705
    pantry-tree:
      size: 27578
      sha256: 1e7884111d2ef9d7132719f9d04a16873a9c479100f2be310e5880805d9787dc
  original:
    hackage: ghc-lib-parser-9.2.2.20220307
- completed:
    hackage: haskell-dap-0.0.15.0@sha256:d58ec48d5f23c13675ba6a6ceb75f9ad9c0b0e90031e15cf7cd227478bad5fa5,945
    pantry-tree:
      size: 315
      sha256: 4126d8e2ea49a4acbd30cad46e66068167a1a599032c0ddd8fde607f703c5a23
  original:
    hackage: haskell-dap-0.0.15.0@sha256:d58ec48d5f23c13675ba6a6ceb75f9ad9c0b0e90031e15cf7cd227478bad5fa5,945
- completed:
    hackage: ghci-dap-0.0.17.0@sha256:0815b23cc372b5600b3ba93090532b6d3d63d560ad0e87aba4ee512cffef14a8,3025
    pantry-tree:
      size: 2356
      sha256: 206826a06b5d73ab95ef0a3fa00a45ced06b53c2612c42b1eb8e1e1384697bf9
  original:
    hackage: ghci-dap-0.0.17.0@sha256:0815b23cc372b5600b3ba93090532b6d3d63d560ad0e87aba4ee512cffef14a8,3025
- completed:
    hackage: base-compat-0.12.1@sha256:20e50848d9dfee1523fafe8950060b04fae43d402c15553da5c7cacd116f7846,6960
    pantry-tree:
      size: 9038
      sha256: 2f2c14615443954f117613d77835234b598718e611fb4cf4522e01980bf1bcbd
  original:
    hackage: base-compat-0.12.1
- completed:
    hackage: base-compat-batteries-0.12.1@sha256:ee819d7570b2fda1012d29db945a1778c388ef8c0c282e45c8fe4eae7616a25c,8891
    pantry-tree:
      size: 11169
      sha256: 64edb51a988b4a362f0ba4172ad4e3d140ee69129dd68a4d08004fe506cc09ae
  original:
    hackage: base-compat-batteries-0.12.1
- completed:
    hackage: lens-5.1@sha256:2cd46b613b9fb37e6eb64c518fd41cfdf55b15bd217d8780163b5c75974920bf,15013
    pantry-tree:
      size: 8214
      sha256: a01b10a8b32e7aeb1e4fbb922761a3f9a8f28bb9d2270277b849984409aca067
  original:
    hackage: lens-5.1
snapshots:
- completed:
    size: 610848
    url: https://raw.githubusercontent.com/commercialhaskell/stackage-snapshots/master/nightly/2022/3/10.yaml
    sha256: 49f3372b4036ef56bad05fa07ae81401f49e762f25f2d5db771b15b0a4a03fa1
  original:
    url: https://raw.githubusercontent.com/commercialhaskell/stackage-snapshots/master/nightly/2022/3/10.yaml
